// !$*UTF8*$!
{
	archiveVersion = 1;
	classes = {
	};
	objectVersion = 56;
	objects = {

/* Begin PBXBuildFile section */
		68AF3CB129001F1900C49B94 /* GenicsApp.swift in Sources */ = {isa = PBXBuildFile; fileRef = 68AF3CB029001F1900C49B94 /* GenicsApp.swift */; };
		68AF3CB329001F1900C49B94 /* NoteView.swift in Sources */ = {isa = PBXBuildFile; fileRef = 68AF3CB229001F1900C49B94 /* NoteView.swift */; };
		68AF3CB529001F1B00C49B94 /* Assets.xcassets in Resources */ = {isa = PBXBuildFile; fileRef = 68AF3CB429001F1B00C49B94 /* Assets.xcassets */; };
		68AF3CB829001F1B00C49B94 /* Preview Assets.xcassets in Resources */ = {isa = PBXBuildFile; fileRef = 68AF3CB729001F1B00C49B94 /* Preview Assets.xcassets */; };
		68AF3CBA29001F1B00C49B94 /* Persistence.swift in Sources */ = {isa = PBXBuildFile; fileRef = 68AF3CB929001F1B00C49B94 /* Persistence.swift */; };
		68AF3CBD29001F1B00C49B94 /* Genics.xcdatamodeld in Sources */ = {isa = PBXBuildFile; fileRef = 68AF3CBB29001F1B00C49B94 /* Genics.xcdatamodeld */; };
		68AF3CC729001F1B00C49B94 /* GenicsTests.swift in Sources */ = {isa = PBXBuildFile; fileRef = 68AF3CC629001F1B00C49B94 /* GenicsTests.swift */; };
		68AF3CD129001F1B00C49B94 /* GenicsUITests.swift in Sources */ = {isa = PBXBuildFile; fileRef = 68AF3CD029001F1B00C49B94 /* GenicsUITests.swift */; };
		68AF3CD329001F1B00C49B94 /* GenicsUITestsLaunchTests.swift in Sources */ = {isa = PBXBuildFile; fileRef = 68AF3CD229001F1B00C49B94 /* GenicsUITestsLaunchTests.swift */; };
		68AF3CE029001F3400C49B94 /* SplashView.swift in Sources */ = {isa = PBXBuildFile; fileRef = 68AF3CDF29001F3400C49B94 /* SplashView.swift */; };
		68AF3CE229001FE400C49B94 /* SwiftUICustomViews.swift in Sources */ = {isa = PBXBuildFile; fileRef = 68AF3CE129001FE300C49B94 /* SwiftUICustomViews.swift */; };
		68AF3D20290020C700C49B94 /* loadingspinner.json in Resources */ = {isa = PBXBuildFile; fileRef = 68AF3CE5290020C700C49B94 /* loadingspinner.json */; };
		68AF3D39290020C700C49B94 /* RequestInterceptor.swift in Sources */ = {isa = PBXBuildFile; fileRef = 68AF3D07290020C700C49B94 /* RequestInterceptor.swift */; };
		68AF3D3A290020C700C49B94 /* EventMonitor.swift in Sources */ = {isa = PBXBuildFile; fileRef = 68AF3D08290020C700C49B94 /* EventMonitor.swift */; };
		68AF3D3B290020C700C49B94 /* NetworkingManger.swift in Sources */ = {isa = PBXBuildFile; fileRef = 68AF3D09290020C700C49B94 /* NetworkingManger.swift */; };
		68AF3D3C290020C700C49B94 /* RequestRouter .swift in Sources */ = {isa = PBXBuildFile; fileRef = 68AF3D0B290020C700C49B94 /* RequestRouter .swift */; };
		68AF3D3D290020C700C49B94 /* NetwrokReachability.swift in Sources */ = {isa = PBXBuildFile; fileRef = 68AF3D0D290020C700C49B94 /* NetwrokReachability.swift */; };
		68AF3D3E290020C700C49B94 /* NetworkMonitor.swift in Sources */ = {isa = PBXBuildFile; fileRef = 68AF3D0E290020C700C49B94 /* NetworkMonitor.swift */; };
		68AF3D41290020C700C49B94 /* GitSecureStoreQueryable.swift in Sources */ = {isa = PBXBuildFile; fileRef = 68AF3D14290020C700C49B94 /* GitSecureStoreQueryable.swift */; };
		68AF3D42290020C700C49B94 /* GitSecureStoreError.swift in Sources */ = {isa = PBXBuildFile; fileRef = 68AF3D15290020C700C49B94 /* GitSecureStoreError.swift */; };
		68AF3D43290020C700C49B94 /* GitSecureStore.swift in Sources */ = {isa = PBXBuildFile; fileRef = 68AF3D16290020C700C49B94 /* GitSecureStore.swift */; };
		68AF3D44290020C700C49B94 /* Constants.swift in Sources */ = {isa = PBXBuildFile; fileRef = 68AF3D18290020C700C49B94 /* Constants.swift */; };
		68AF3D45290020C700C49B94 /* AccessToken.swift in Sources */ = {isa = PBXBuildFile; fileRef = 68AF3D19290020C700C49B94 /* AccessToken.swift */; };
		68AF3D46290020C700C49B94 /* TokenManager.swift in Sources */ = {isa = PBXBuildFile; fileRef = 68AF3D1A290020C700C49B94 /* TokenManager.swift */; };
		68AF3D4B290021EF00C49B94 /* Alamofire in Frameworks */ = {isa = PBXBuildFile; productRef = 68AF3D4A290021EF00C49B94 /* Alamofire */; };
		68AF3D4E2900226900C49B94 /* Lottie in Frameworks */ = {isa = PBXBuildFile; productRef = 68AF3D4D2900226900C49B94 /* Lottie */; };
		68AF3D50290025C000C49B94 /* LoginView.swift in Sources */ = {isa = PBXBuildFile; fileRef = 68AF3D4F290025C000C49B94 /* LoginView.swift */; };
		68AF3D522900260400C49B94 /* HomeView.swift in Sources */ = {isa = PBXBuildFile; fileRef = 68AF3D512900260400C49B94 /* HomeView.swift */; };
		68AF3D5A2900396B00C49B94 /* LoginViewModel.swift in Sources */ = {isa = PBXBuildFile; fileRef = 68AF3D592900396B00C49B94 /* LoginViewModel.swift */; };
		68AF3D5C29003BB700C49B94 /* AppConstants.swift in Sources */ = {isa = PBXBuildFile; fileRef = 68AF3D5B29003BB700C49B94 /* AppConstants.swift */; };
		68AF3D6129003EB500C49B94 /* TabBarView.swift in Sources */ = {isa = PBXBuildFile; fileRef = 68AF3D6029003EB500C49B94 /* TabBarView.swift */; };
		68AF3D662900401700C49B94 /* ExploreView.swift in Sources */ = {isa = PBXBuildFile; fileRef = 68AF3D652900401700C49B94 /* ExploreView.swift */; };
		68AF3D692900402B00C49B94 /* BookmarksView.swift in Sources */ = {isa = PBXBuildFile; fileRef = 68AF3D682900402B00C49B94 /* BookmarksView.swift */; };
		68AF3D6B2900403600C49B94 /* ProfileView.swift in Sources */ = {isa = PBXBuildFile; fileRef = 68AF3D6A2900403600C49B94 /* ProfileView.swift */; };
		68AF3D742900445D00C49B94 /* HomeDataModel.swift in Sources */ = {isa = PBXBuildFile; fileRef = 68AF3D732900445D00C49B94 /* HomeDataModel.swift */; };
		68AF3D7829004A6700C49B94 /* UsersView.swift in Sources */ = {isa = PBXBuildFile; fileRef = 68AF3D7729004A6700C49B94 /* UsersView.swift */; };
		68AF3D7A29004A7000C49B94 /* ReposView.swift in Sources */ = {isa = PBXBuildFile; fileRef = 68AF3D7929004A7000C49B94 /* ReposView.swift */; };
		68AF3D7C29004A7F00C49B94 /* IssuesView.swift in Sources */ = {isa = PBXBuildFile; fileRef = 68AF3D7B29004A7F00C49B94 /* IssuesView.swift */; };
		68AF3D7E29004A8900C49B94 /* OrgsView.swift in Sources */ = {isa = PBXBuildFile; fileRef = 68AF3D7D29004A8900C49B94 /* OrgsView.swift */; };
		68AF3D8129004DDF00C49B94 /* CommitsView.swift in Sources */ = {isa = PBXBuildFile; fileRef = 68AF3D8029004DDF00C49B94 /* CommitsView.swift */; };
		68AF3D8329004E1600C49B94 /* SettingsView.swift in Sources */ = {isa = PBXBuildFile; fileRef = 68AF3D8229004E1600C49B94 /* SettingsView.swift */; };
		68AF3D8529006A5E00C49B94 /* UsersModel.swift in Sources */ = {isa = PBXBuildFile; fileRef = 68AF3D8429006A5E00C49B94 /* UsersModel.swift */; };
		68AF3D8929006A7600C49B94 /* ReposModel.swift in Sources */ = {isa = PBXBuildFile; fileRef = 68AF3D8829006A7600C49B94 /* ReposModel.swift */; };
		68AF3D8B29006A7D00C49B94 /* ReposViewModel.swift in Sources */ = {isa = PBXBuildFile; fileRef = 68AF3D8A29006A7D00C49B94 /* ReposViewModel.swift */; };
		68AF3D8D29006A8900C49B94 /* IssuesModel.swift in Sources */ = {isa = PBXBuildFile; fileRef = 68AF3D8C29006A8900C49B94 /* IssuesModel.swift */; };
		68AF3D8F29006A9600C49B94 /* IssesViewModel.swift in Sources */ = {isa = PBXBuildFile; fileRef = 68AF3D8E29006A9600C49B94 /* IssesViewModel.swift */; };
		68AF3D9129006AA400C49B94 /* OrgsModel.swift in Sources */ = {isa = PBXBuildFile; fileRef = 68AF3D9029006AA400C49B94 /* OrgsModel.swift */; };
		68AF3D9329006AAA00C49B94 /* OrgsViewModel.swift in Sources */ = {isa = PBXBuildFile; fileRef = 68AF3D9229006AAA00C49B94 /* OrgsViewModel.swift */; };
		68AF3D9629006BA200C49B94 /* UsersDetailsView.swift in Sources */ = {isa = PBXBuildFile; fileRef = 68AF3D9529006BA200C49B94 /* UsersDetailsView.swift */; };
		68AF3D98290076FE00C49B94 /* ReposCell.swift in Sources */ = {isa = PBXBuildFile; fileRef = 68AF3D97290076FE00C49B94 /* ReposCell.swift */; };
		68AF3D9A290077B500C49B94 /* UsersCell.swift in Sources */ = {isa = PBXBuildFile; fileRef = 68AF3D99290077B500C49B94 /* UsersCell.swift */; };
		68AF3D9E2900789900C49B94 /* ReposDetails.swift in Sources */ = {isa = PBXBuildFile; fileRef = 68AF3D9D2900789900C49B94 /* ReposDetails.swift */; };
		68AF3DA0290078CC00C49B94 /* OrgsCell.swift in Sources */ = {isa = PBXBuildFile; fileRef = 68AF3D9F290078CC00C49B94 /* OrgsCell.swift */; };
		68AF3DA32900795F00C49B94 /* StarredView.swift in Sources */ = {isa = PBXBuildFile; fileRef = 68AF3DA22900795F00C49B94 /* StarredView.swift */; };
		68AF3DA92900C4B100C49B94 /* HomeDataSource.swift in Sources */ = {isa = PBXBuildFile; fileRef = 68AF3DA82900C4B100C49B94 /* HomeDataSource.swift */; };
		68DF6F1629016F3500E02664 /* UsersInteractor.swift in Sources */ = {isa = PBXBuildFile; fileRef = 68DF6F1529016F3500E02664 /* UsersInteractor.swift */; };
		68DF6F1829016F3F00E02664 /* UserPresenter.swift in Sources */ = {isa = PBXBuildFile; fileRef = 68DF6F1729016F3F00E02664 /* UserPresenter.swift */; };
		68DF6F1A29016F4600E02664 /* UsersViewContentView.swift in Sources */ = {isa = PBXBuildFile; fileRef = 68DF6F1929016F4600E02664 /* UsersViewContentView.swift */; };
		68DF6F1C29016F4F00E02664 /* Users.swift in Sources */ = {isa = PBXBuildFile; fileRef = 68DF6F1B29016F4F00E02664 /* Users.swift */; };
		68DF6F1E2901760900E02664 /* UsersViewDisplay.swift in Sources */ = {isa = PBXBuildFile; fileRef = 68DF6F1D2901760900E02664 /* UsersViewDisplay.swift */; };
		68DF6F21290176EA00E02664 /* UsersDataSource.swift in Sources */ = {isa = PBXBuildFile; fileRef = 68DF6F20290176EA00E02664 /* UsersDataSource.swift */; };
		68DF6F2429017CEB00E02664 /* UsersUseCase.swift in Sources */ = {isa = PBXBuildFile; fileRef = 68DF6F2329017CEB00E02664 /* UsersUseCase.swift */; };
		68DF6F272901820500E02664 /* AsyncImageModule.swift in Sources */ = {isa = PBXBuildFile; fileRef = 68DF6F262901820500E02664 /* AsyncImageModule.swift */; };
/* End PBXBuildFile section */

/* Begin PBXContainerItemProxy section */
		68AF3CC329001F1B00C49B94 /* PBXContainerItemProxy */ = {
			isa = PBXContainerItemProxy;
			containerPortal = 68AF3CA529001F1900C49B94 /* Project object */;
			proxyType = 1;
			remoteGlobalIDString = 68AF3CAC29001F1900C49B94;
			remoteInfo = Genics;
		};
		68AF3CCD29001F1B00C49B94 /* PBXContainerItemProxy */ = {
			isa = PBXContainerItemProxy;
			containerPortal = 68AF3CA529001F1900C49B94 /* Project object */;
			proxyType = 1;
			remoteGlobalIDString = 68AF3CAC29001F1900C49B94;
			remoteInfo = Genics;
		};
/* End PBXContainerItemProxy section */

/* Begin PBXFileReference section */
		68AF3CAD29001F1900C49B94 /* Genics.app */ = {isa = PBXFileReference; explicitFileType = wrapper.application; includeInIndex = 0; path = Genics.app; sourceTree = BUILT_PRODUCTS_DIR; };
		68AF3CB029001F1900C49B94 /* GenicsApp.swift */ = {isa = PBXFileReference; lastKnownFileType = sourcecode.swift; path = GenicsApp.swift; sourceTree = "<group>"; };
		68AF3CB229001F1900C49B94 /* NoteView.swift */ = {isa = PBXFileReference; lastKnownFileType = sourcecode.swift; path = NoteView.swift; sourceTree = "<group>"; };
		68AF3CB429001F1B00C49B94 /* Assets.xcassets */ = {isa = PBXFileReference; lastKnownFileType = folder.assetcatalog; path = Assets.xcassets; sourceTree = "<group>"; };
		68AF3CB729001F1B00C49B94 /* Preview Assets.xcassets */ = {isa = PBXFileReference; lastKnownFileType = folder.assetcatalog; path = "Preview Assets.xcassets"; sourceTree = "<group>"; };
		68AF3CB929001F1B00C49B94 /* Persistence.swift */ = {isa = PBXFileReference; lastKnownFileType = sourcecode.swift; path = Persistence.swift; sourceTree = "<group>"; };
		68AF3CBC29001F1B00C49B94 /* Genics.xcdatamodel */ = {isa = PBXFileReference; lastKnownFileType = wrapper.xcdatamodel; path = Genics.xcdatamodel; sourceTree = "<group>"; };
		68AF3CC229001F1B00C49B94 /* GenicsTests.xctest */ = {isa = PBXFileReference; explicitFileType = wrapper.cfbundle; includeInIndex = 0; path = GenicsTests.xctest; sourceTree = BUILT_PRODUCTS_DIR; };
		68AF3CC629001F1B00C49B94 /* GenicsTests.swift */ = {isa = PBXFileReference; lastKnownFileType = sourcecode.swift; path = GenicsTests.swift; sourceTree = "<group>"; };
		68AF3CCC29001F1B00C49B94 /* GenicsUITests.xctest */ = {isa = PBXFileReference; explicitFileType = wrapper.cfbundle; includeInIndex = 0; path = GenicsUITests.xctest; sourceTree = BUILT_PRODUCTS_DIR; };
		68AF3CD029001F1B00C49B94 /* GenicsUITests.swift */ = {isa = PBXFileReference; lastKnownFileType = sourcecode.swift; path = GenicsUITests.swift; sourceTree = "<group>"; };
		68AF3CD229001F1B00C49B94 /* GenicsUITestsLaunchTests.swift */ = {isa = PBXFileReference; lastKnownFileType = sourcecode.swift; path = GenicsUITestsLaunchTests.swift; sourceTree = "<group>"; };
		68AF3CDF29001F3400C49B94 /* SplashView.swift */ = {isa = PBXFileReference; lastKnownFileType = sourcecode.swift; path = SplashView.swift; sourceTree = "<group>"; };
		68AF3CE129001FE300C49B94 /* SwiftUICustomViews.swift */ = {isa = PBXFileReference; lastKnownFileType = sourcecode.swift; path = SwiftUICustomViews.swift; sourceTree = "<group>"; };
		68AF3CE5290020C700C49B94 /* loadingspinner.json */ = {isa = PBXFileReference; fileEncoding = 4; lastKnownFileType = text.json; path = loadingspinner.json; sourceTree = "<group>"; };
		68AF3D07290020C700C49B94 /* RequestInterceptor.swift */ = {isa = PBXFileReference; fileEncoding = 4; lastKnownFileType = sourcecode.swift; path = RequestInterceptor.swift; sourceTree = "<group>"; };
		68AF3D08290020C700C49B94 /* EventMonitor.swift */ = {isa = PBXFileReference; fileEncoding = 4; lastKnownFileType = sourcecode.swift; path = EventMonitor.swift; sourceTree = "<group>"; };
		68AF3D09290020C700C49B94 /* NetworkingManger.swift */ = {isa = PBXFileReference; fileEncoding = 4; lastKnownFileType = sourcecode.swift; path = NetworkingManger.swift; sourceTree = "<group>"; };
		68AF3D0B290020C700C49B94 /* RequestRouter .swift */ = {isa = PBXFileReference; fileEncoding = 4; lastKnownFileType = sourcecode.swift; path = "RequestRouter .swift"; sourceTree = "<group>"; };
		68AF3D0D290020C700C49B94 /* NetwrokReachability.swift */ = {isa = PBXFileReference; fileEncoding = 4; lastKnownFileType = sourcecode.swift; path = NetwrokReachability.swift; sourceTree = "<group>"; };
		68AF3D0E290020C700C49B94 /* NetworkMonitor.swift */ = {isa = PBXFileReference; fileEncoding = 4; lastKnownFileType = sourcecode.swift; path = NetworkMonitor.swift; sourceTree = "<group>"; };
		68AF3D14290020C700C49B94 /* GitSecureStoreQueryable.swift */ = {isa = PBXFileReference; fileEncoding = 4; lastKnownFileType = sourcecode.swift; path = GitSecureStoreQueryable.swift; sourceTree = "<group>"; };
		68AF3D15290020C700C49B94 /* GitSecureStoreError.swift */ = {isa = PBXFileReference; fileEncoding = 4; lastKnownFileType = sourcecode.swift; path = GitSecureStoreError.swift; sourceTree = "<group>"; };
		68AF3D16290020C700C49B94 /* GitSecureStore.swift */ = {isa = PBXFileReference; fileEncoding = 4; lastKnownFileType = sourcecode.swift; path = GitSecureStore.swift; sourceTree = "<group>"; };
		68AF3D18290020C700C49B94 /* Constants.swift */ = {isa = PBXFileReference; fileEncoding = 4; lastKnownFileType = sourcecode.swift; path = Constants.swift; sourceTree = "<group>"; };
		68AF3D19290020C700C49B94 /* AccessToken.swift */ = {isa = PBXFileReference; fileEncoding = 4; lastKnownFileType = sourcecode.swift; path = AccessToken.swift; sourceTree = "<group>"; };
		68AF3D1A290020C700C49B94 /* TokenManager.swift */ = {isa = PBXFileReference; fileEncoding = 4; lastKnownFileType = sourcecode.swift; path = TokenManager.swift; sourceTree = "<group>"; };
		68AF3D4F290025C000C49B94 /* LoginView.swift */ = {isa = PBXFileReference; lastKnownFileType = sourcecode.swift; path = LoginView.swift; sourceTree = "<group>"; };
		68AF3D512900260400C49B94 /* HomeView.swift */ = {isa = PBXFileReference; lastKnownFileType = sourcecode.swift; path = HomeView.swift; sourceTree = "<group>"; };
		68AF3D582900377A00C49B94 /* Info.plist */ = {isa = PBXFileReference; lastKnownFileType = text.plist.xml; path = Info.plist; sourceTree = "<group>"; };
		68AF3D592900396B00C49B94 /* LoginViewModel.swift */ = {isa = PBXFileReference; lastKnownFileType = sourcecode.swift; path = LoginViewModel.swift; sourceTree = "<group>"; };
		68AF3D5B29003BB700C49B94 /* AppConstants.swift */ = {isa = PBXFileReference; lastKnownFileType = sourcecode.swift; path = AppConstants.swift; sourceTree = "<group>"; };
		68AF3D6029003EB500C49B94 /* TabBarView.swift */ = {isa = PBXFileReference; lastKnownFileType = sourcecode.swift; path = TabBarView.swift; sourceTree = "<group>"; };
		68AF3D652900401700C49B94 /* ExploreView.swift */ = {isa = PBXFileReference; lastKnownFileType = sourcecode.swift; path = ExploreView.swift; sourceTree = "<group>"; };
		68AF3D682900402B00C49B94 /* BookmarksView.swift */ = {isa = PBXFileReference; lastKnownFileType = sourcecode.swift; path = BookmarksView.swift; sourceTree = "<group>"; };
		68AF3D6A2900403600C49B94 /* ProfileView.swift */ = {isa = PBXFileReference; lastKnownFileType = sourcecode.swift; path = ProfileView.swift; sourceTree = "<group>"; };
		68AF3D732900445D00C49B94 /* HomeDataModel.swift */ = {isa = PBXFileReference; lastKnownFileType = sourcecode.swift; path = HomeDataModel.swift; sourceTree = "<group>"; };
		68AF3D7729004A6700C49B94 /* UsersView.swift */ = {isa = PBXFileReference; lastKnownFileType = sourcecode.swift; path = UsersView.swift; sourceTree = "<group>"; };
		68AF3D7929004A7000C49B94 /* ReposView.swift */ = {isa = PBXFileReference; lastKnownFileType = sourcecode.swift; path = ReposView.swift; sourceTree = "<group>"; };
		68AF3D7B29004A7F00C49B94 /* IssuesView.swift */ = {isa = PBXFileReference; lastKnownFileType = sourcecode.swift; path = IssuesView.swift; sourceTree = "<group>"; };
		68AF3D7D29004A8900C49B94 /* OrgsView.swift */ = {isa = PBXFileReference; lastKnownFileType = sourcecode.swift; path = OrgsView.swift; sourceTree = "<group>"; };
		68AF3D8029004DDF00C49B94 /* CommitsView.swift */ = {isa = PBXFileReference; lastKnownFileType = sourcecode.swift; path = CommitsView.swift; sourceTree = "<group>"; };
		68AF3D8229004E1600C49B94 /* SettingsView.swift */ = {isa = PBXFileReference; lastKnownFileType = sourcecode.swift; path = SettingsView.swift; sourceTree = "<group>"; };
		68AF3D8429006A5E00C49B94 /* UsersModel.swift */ = {isa = PBXFileReference; lastKnownFileType = sourcecode.swift; path = UsersModel.swift; sourceTree = "<group>"; };
		68AF3D8829006A7600C49B94 /* ReposModel.swift */ = {isa = PBXFileReference; lastKnownFileType = sourcecode.swift; path = ReposModel.swift; sourceTree = "<group>"; };
		68AF3D8A29006A7D00C49B94 /* ReposViewModel.swift */ = {isa = PBXFileReference; lastKnownFileType = sourcecode.swift; path = ReposViewModel.swift; sourceTree = "<group>"; };
		68AF3D8C29006A8900C49B94 /* IssuesModel.swift */ = {isa = PBXFileReference; lastKnownFileType = sourcecode.swift; path = IssuesModel.swift; sourceTree = "<group>"; };
		68AF3D8E29006A9600C49B94 /* IssesViewModel.swift */ = {isa = PBXFileReference; lastKnownFileType = sourcecode.swift; path = IssesViewModel.swift; sourceTree = "<group>"; };
		68AF3D9029006AA400C49B94 /* OrgsModel.swift */ = {isa = PBXFileReference; lastKnownFileType = sourcecode.swift; path = OrgsModel.swift; sourceTree = "<group>"; };
		68AF3D9229006AAA00C49B94 /* OrgsViewModel.swift */ = {isa = PBXFileReference; lastKnownFileType = sourcecode.swift; path = OrgsViewModel.swift; sourceTree = "<group>"; };
		68AF3D9529006BA200C49B94 /* UsersDetailsView.swift */ = {isa = PBXFileReference; lastKnownFileType = sourcecode.swift; path = UsersDetailsView.swift; sourceTree = "<group>"; };
		68AF3D97290076FE00C49B94 /* ReposCell.swift */ = {isa = PBXFileReference; lastKnownFileType = sourcecode.swift; path = ReposCell.swift; sourceTree = "<group>"; };
		68AF3D99290077B500C49B94 /* UsersCell.swift */ = {isa = PBXFileReference; lastKnownFileType = sourcecode.swift; path = UsersCell.swift; sourceTree = "<group>"; };
		68AF3D9D2900789900C49B94 /* ReposDetails.swift */ = {isa = PBXFileReference; lastKnownFileType = sourcecode.swift; path = ReposDetails.swift; sourceTree = "<group>"; };
		68AF3D9F290078CC00C49B94 /* OrgsCell.swift */ = {isa = PBXFileReference; lastKnownFileType = sourcecode.swift; path = OrgsCell.swift; sourceTree = "<group>"; };
		68AF3DA22900795F00C49B94 /* StarredView.swift */ = {isa = PBXFileReference; lastKnownFileType = sourcecode.swift; path = StarredView.swift; sourceTree = "<group>"; };
		68AF3DA82900C4B100C49B94 /* HomeDataSource.swift */ = {isa = PBXFileReference; lastKnownFileType = sourcecode.swift; path = HomeDataSource.swift; sourceTree = "<group>"; };
		68DF6F1529016F3500E02664 /* UsersInteractor.swift */ = {isa = PBXFileReference; lastKnownFileType = sourcecode.swift; path = UsersInteractor.swift; sourceTree = "<group>"; };
		68DF6F1729016F3F00E02664 /* UserPresenter.swift */ = {isa = PBXFileReference; lastKnownFileType = sourcecode.swift; path = UserPresenter.swift; sourceTree = "<group>"; };
		68DF6F1929016F4600E02664 /* UsersViewContentView.swift */ = {isa = PBXFileReference; lastKnownFileType = sourcecode.swift; path = UsersViewContentView.swift; sourceTree = "<group>"; };
		68DF6F1B29016F4F00E02664 /* Users.swift */ = {isa = PBXFileReference; lastKnownFileType = sourcecode.swift; path = Users.swift; sourceTree = "<group>"; };
		68DF6F1D2901760900E02664 /* UsersViewDisplay.swift */ = {isa = PBXFileReference; lastKnownFileType = sourcecode.swift; path = UsersViewDisplay.swift; sourceTree = "<group>"; };
		68DF6F20290176EA00E02664 /* UsersDataSource.swift */ = {isa = PBXFileReference; lastKnownFileType = sourcecode.swift; path = UsersDataSource.swift; sourceTree = "<group>"; };
		68DF6F2329017CEB00E02664 /* UsersUseCase.swift */ = {isa = PBXFileReference; lastKnownFileType = sourcecode.swift; path = UsersUseCase.swift; sourceTree = "<group>"; };
		68DF6F262901820500E02664 /* AsyncImageModule.swift */ = {isa = PBXFileReference; lastKnownFileType = sourcecode.swift; path = AsyncImageModule.swift; sourceTree = "<group>"; };
/* End PBXFileReference section */

/* Begin PBXFrameworksBuildPhase section */
		68AF3CAA29001F1900C49B94 /* Frameworks */ = {
			isa = PBXFrameworksBuildPhase;
			buildActionMask = 2147483647;
			files = (
				68AF3D4B290021EF00C49B94 /* Alamofire in Frameworks */,
				68AF3D4E2900226900C49B94 /* Lottie in Frameworks */,
			);
			runOnlyForDeploymentPostprocessing = 0;
		};
		68AF3CBF29001F1B00C49B94 /* Frameworks */ = {
			isa = PBXFrameworksBuildPhase;
			buildActionMask = 2147483647;
			files = (
			);
			runOnlyForDeploymentPostprocessing = 0;
		};
		68AF3CC929001F1B00C49B94 /* Frameworks */ = {
			isa = PBXFrameworksBuildPhase;
			buildActionMask = 2147483647;
			files = (
			);
			runOnlyForDeploymentPostprocessing = 0;
		};
/* End PBXFrameworksBuildPhase section */

/* Begin PBXGroup section */
		68AF3CA429001F1900C49B94 = {
			isa = PBXGroup;
			children = (
				68AF3CAF29001F1900C49B94 /* Genics */,
				68AF3CC529001F1B00C49B94 /* GenicsTests */,
				68AF3CCF29001F1B00C49B94 /* GenicsUITests */,
				68AF3CAE29001F1900C49B94 /* Products */,
			);
			sourceTree = "<group>";
		};
		68AF3CAE29001F1900C49B94 /* Products */ = {
			isa = PBXGroup;
			children = (
				68AF3CAD29001F1900C49B94 /* Genics.app */,
				68AF3CC229001F1B00C49B94 /* GenicsTests.xctest */,
				68AF3CCC29001F1B00C49B94 /* GenicsUITests.xctest */,
			);
			name = Products;
			sourceTree = "<group>";
		};
		68AF3CAF29001F1900C49B94 /* Genics */ = {
			isa = PBXGroup;
			children = (
				68AF3D6E2900428000C49B94 /* Application */,
				68AF3D5E29003E7F00C49B94 /* Modules */,
				68AF3D53290026E400C49B94 /* Assets */,
				68AF3D572900270500C49B94 /* Persistence */,
				68AF3CE3290020C700C49B94 /* Helper */,
				68AF3CB629001F1B00C49B94 /* Preview Content */,
				68AF3D582900377A00C49B94 /* Info.plist */,
			);
			path = Genics;
			sourceTree = "<group>";
		};
		68AF3CB629001F1B00C49B94 /* Preview Content */ = {
			isa = PBXGroup;
			children = (
				68AF3CB729001F1B00C49B94 /* Preview Assets.xcassets */,
			);
			path = "Preview Content";
			sourceTree = "<group>";
		};
		68AF3CC529001F1B00C49B94 /* GenicsTests */ = {
			isa = PBXGroup;
			children = (
				68AF3CC629001F1B00C49B94 /* GenicsTests.swift */,
			);
			path = GenicsTests;
			sourceTree = "<group>";
		};
		68AF3CCF29001F1B00C49B94 /* GenicsUITests */ = {
			isa = PBXGroup;
			children = (
				68AF3CD029001F1B00C49B94 /* GenicsUITests.swift */,
				68AF3CD229001F1B00C49B94 /* GenicsUITestsLaunchTests.swift */,
			);
			path = GenicsUITests;
			sourceTree = "<group>";
		};
		68AF3CE3290020C700C49B94 /* Helper */ = {
			isa = PBXGroup;
			children = (
				68DF6F1F2901767E00E02664 /* NetworkModels */,
				68DF6F2529017FFC00E02664 /* CommonViews */,
				68AF3CE4290020C700C49B94 /* Resources */,
				68AF3D05290020C700C49B94 /* NetworkLayer */,
				68AF3D12290020C700C49B94 /* Authentication */,
				68AF3D5B29003BB700C49B94 /* AppConstants.swift */,
			);
			path = Helper;
			sourceTree = "<group>";
		};
		68AF3CE4290020C700C49B94 /* Resources */ = {
			isa = PBXGroup;
			children = (
				68AF3CE5290020C700C49B94 /* loadingspinner.json */,
			);
			path = Resources;
			sourceTree = "<group>";
		};
		68AF3D05290020C700C49B94 /* NetworkLayer */ = {
			isa = PBXGroup;
			children = (
				68AF3D0B290020C700C49B94 /* RequestRouter .swift */,
				68AF3D07290020C700C49B94 /* RequestInterceptor.swift */,
				68AF3D08290020C700C49B94 /* EventMonitor.swift */,
				68AF3D09290020C700C49B94 /* NetworkingManger.swift */,
				68AF3D0D290020C700C49B94 /* NetwrokReachability.swift */,
				68AF3D0E290020C700C49B94 /* NetworkMonitor.swift */,
			);
			path = NetworkLayer;
			sourceTree = "<group>";
		};
		68AF3D12290020C700C49B94 /* Authentication */ = {
			isa = PBXGroup;
			children = (
				68AF3D13290020C700C49B94 /* KeyChain */,
				68AF3D17290020C700C49B94 /* TokenManger */,
			);
			path = Authentication;
			sourceTree = "<group>";
		};
		68AF3D13290020C700C49B94 /* KeyChain */ = {
			isa = PBXGroup;
			children = (
				68AF3D14290020C700C49B94 /* GitSecureStoreQueryable.swift */,
				68AF3D15290020C700C49B94 /* GitSecureStoreError.swift */,
				68AF3D16290020C700C49B94 /* GitSecureStore.swift */,
			);
			path = KeyChain;
			sourceTree = "<group>";
		};
		68AF3D17290020C700C49B94 /* TokenManger */ = {
			isa = PBXGroup;
			children = (
				68AF3D18290020C700C49B94 /* Constants.swift */,
				68AF3D19290020C700C49B94 /* AccessToken.swift */,
				68AF3D1A290020C700C49B94 /* TokenManager.swift */,
			);
			path = TokenManger;
			sourceTree = "<group>";
		};
		68AF3D53290026E400C49B94 /* Assets */ = {
			isa = PBXGroup;
			children = (
				68AF3CB429001F1B00C49B94 /* Assets.xcassets */,
			);
			path = Assets;
			sourceTree = "<group>";
		};
		68AF3D54290026EB00C49B94 /* SplashView */ = {
			isa = PBXGroup;
			children = (
				68AF3CDF29001F3400C49B94 /* SplashView.swift */,
			);
			path = SplashView;
			sourceTree = "<group>";
		};
		68AF3D55290026F400C49B94 /* LoginView */ = {
			isa = PBXGroup;
			children = (
				68AF3D4F290025C000C49B94 /* LoginView.swift */,
				68AF3D592900396B00C49B94 /* LoginViewModel.swift */,
			);
			path = LoginView;
			sourceTree = "<group>";
		};
		68AF3D56290026FB00C49B94 /* HomeView */ = {
			isa = PBXGroup;
			children = (
				68AF3D512900260400C49B94 /* HomeView.swift */,
				68AF3D732900445D00C49B94 /* HomeDataModel.swift */,
				68AF3DA82900C4B100C49B94 /* HomeDataSource.swift */,
			);
			path = HomeView;
			sourceTree = "<group>";
		};
		68AF3D572900270500C49B94 /* Persistence */ = {
			isa = PBXGroup;
			children = (
				68AF3CBB29001F1B00C49B94 /* Genics.xcdatamodeld */,
				68AF3CB929001F1B00C49B94 /* Persistence.swift */,
			);
			path = Persistence;
			sourceTree = "<group>";
		};
		68AF3D5D29003E6D00C49B94 /* NoteView */ = {
			isa = PBXGroup;
			children = (
				68AF3CB229001F1900C49B94 /* NoteView.swift */,
			);
			path = NoteView;
			sourceTree = "<group>";
		};
		68AF3D5E29003E7F00C49B94 /* Modules */ = {
			isa = PBXGroup;
			children = (
				68AF3D56290026FB00C49B94 /* HomeView */,
				68AF3D6F290042C000C49B94 /* UsersView */,
				68AF3DA12900795400C49B94 /* StarredView */,
				68AF3D9C2900788E00C49B94 /* ReposDetails */,
				68AF3D9B290077C700C49B94 /* CommonViews */,
				68AF3D9429006B9000C49B94 /* UsersDetailsView */,
				68AF3D6429003FFD00C49B94 /* ExploreView */,
				68AF3D6329003FF600C49B94 /* BookmarksView */,
				68AF3D6229003FEF00C49B94 /* ProfileView */,
				68AF3D5D29003E6D00C49B94 /* NoteView */,
				68AF3D7F29004DD100C49B94 /* CommitsView */,
				68AF3D72290042D500C49B94 /* OrgsView */,
				68AF3D71290042CF00C49B94 /* IssuesView */,
				68AF3D70290042C700C49B94 /* ReposView */,
				68AF3D6D2900422000C49B94 /* SettingsView */,
				68AF3D54290026EB00C49B94 /* SplashView */,
				68AF3D55290026F400C49B94 /* LoginView */,
				68AF3D5F29003EA900C49B94 /* TabVarView */,
			);
			path = Modules;
			sourceTree = "<group>";
		};
		68AF3D5F29003EA900C49B94 /* TabVarView */ = {
			isa = PBXGroup;
			children = (
				68AF3D6029003EB500C49B94 /* TabBarView.swift */,
			);
			path = TabVarView;
			sourceTree = "<group>";
		};
		68AF3D6229003FEF00C49B94 /* ProfileView */ = {
			isa = PBXGroup;
			children = (
				68AF3D6A2900403600C49B94 /* ProfileView.swift */,
			);
			path = ProfileView;
			sourceTree = "<group>";
		};
		68AF3D6329003FF600C49B94 /* BookmarksView */ = {
			isa = PBXGroup;
			children = (
				68AF3D682900402B00C49B94 /* BookmarksView.swift */,
			);
			path = BookmarksView;
			sourceTree = "<group>";
		};
		68AF3D6429003FFD00C49B94 /* ExploreView */ = {
			isa = PBXGroup;
			children = (
				68AF3D652900401700C49B94 /* ExploreView.swift */,
			);
			path = ExploreView;
			sourceTree = "<group>";
		};
		68AF3D6D2900422000C49B94 /* SettingsView */ = {
			isa = PBXGroup;
			children = (
				68AF3D8229004E1600C49B94 /* SettingsView.swift */,
			);
			path = SettingsView;
			sourceTree = "<group>";
		};
		68AF3D6E2900428000C49B94 /* Application */ = {
			isa = PBXGroup;
			children = (
				68AF3CB029001F1900C49B94 /* GenicsApp.swift */,
			);
			path = Application;
			sourceTree = "<group>";
		};
		68AF3D6F290042C000C49B94 /* UsersView */ = {
			isa = PBXGroup;
			children = (
				68DF6F1929016F4600E02664 /* UsersViewContentView.swift */,
				68DF6F222901775300E02664 /* Components */,
			);
			path = UsersView;
			sourceTree = "<group>";
		};
		68AF3D70290042C700C49B94 /* ReposView */ = {
			isa = PBXGroup;
			children = (
				68AF3D7929004A7000C49B94 /* ReposView.swift */,
				68AF3D8829006A7600C49B94 /* ReposModel.swift */,
				68AF3D8A29006A7D00C49B94 /* ReposViewModel.swift */,
			);
			path = ReposView;
			sourceTree = "<group>";
		};
		68AF3D71290042CF00C49B94 /* IssuesView */ = {
			isa = PBXGroup;
			children = (
				68AF3D7B29004A7F00C49B94 /* IssuesView.swift */,
				68AF3D8C29006A8900C49B94 /* IssuesModel.swift */,
				68AF3D8E29006A9600C49B94 /* IssesViewModel.swift */,
			);
			path = IssuesView;
			sourceTree = "<group>";
		};
		68AF3D72290042D500C49B94 /* OrgsView */ = {
			isa = PBXGroup;
			children = (
				68AF3D7D29004A8900C49B94 /* OrgsView.swift */,
				68AF3D9029006AA400C49B94 /* OrgsModel.swift */,
				68AF3D9229006AAA00C49B94 /* OrgsViewModel.swift */,
			);
			path = OrgsView;
			sourceTree = "<group>";
		};
		68AF3D7F29004DD100C49B94 /* CommitsView */ = {
			isa = PBXGroup;
			children = (
				68AF3D8029004DDF00C49B94 /* CommitsView.swift */,
			);
			path = CommitsView;
			sourceTree = "<group>";
		};
		68AF3D9429006B9000C49B94 /* UsersDetailsView */ = {
			isa = PBXGroup;
			children = (
				68AF3D9529006BA200C49B94 /* UsersDetailsView.swift */,
			);
			path = UsersDetailsView;
			sourceTree = "<group>";
		};
		68AF3D9B290077C700C49B94 /* CommonViews */ = {
			isa = PBXGroup;
			children = (
				68AF3D97290076FE00C49B94 /* ReposCell.swift */,
				68AF3D99290077B500C49B94 /* UsersCell.swift */,
				68AF3D9F290078CC00C49B94 /* OrgsCell.swift */,
			);
			path = CommonViews;
			sourceTree = "<group>";
		};
		68AF3D9C2900788E00C49B94 /* ReposDetails */ = {
			isa = PBXGroup;
			children = (
				68AF3D9D2900789900C49B94 /* ReposDetails.swift */,
			);
			path = ReposDetails;
			sourceTree = "<group>";
		};
		68AF3DA12900795400C49B94 /* StarredView */ = {
			isa = PBXGroup;
			children = (
				68AF3DA22900795F00C49B94 /* StarredView.swift */,
			);
			path = StarredView;
			sourceTree = "<group>";
		};
		68DF6F1F2901767E00E02664 /* NetworkModels */ = {
			isa = PBXGroup;
			children = (
				68DF6F1B29016F4F00E02664 /* Users.swift */,
			);
			path = NetworkModels;
			sourceTree = "<group>";
		};
		68DF6F222901775300E02664 /* Components */ = {
			isa = PBXGroup;
			children = (
				68AF3D8429006A5E00C49B94 /* UsersModel.swift */,
				68DF6F2329017CEB00E02664 /* UsersUseCase.swift */,
				68DF6F1529016F3500E02664 /* UsersInteractor.swift */,
				68DF6F1729016F3F00E02664 /* UserPresenter.swift */,
				68DF6F20290176EA00E02664 /* UsersDataSource.swift */,
				68DF6F1D2901760900E02664 /* UsersViewDisplay.swift */,
				68AF3D7729004A6700C49B94 /* UsersView.swift */,
			);
			path = Components;
			sourceTree = "<group>";
		};
		68DF6F2529017FFC00E02664 /* CommonViews */ = {
			isa = PBXGroup;
			children = (
				68AF3CE129001FE300C49B94 /* SwiftUICustomViews.swift */,
				68DF6F262901820500E02664 /* AsyncImageModule.swift */,
			);
			path = CommonViews;
			sourceTree = "<group>";
		};
/* End PBXGroup section */

/* Begin PBXNativeTarget section */
		68AF3CAC29001F1900C49B94 /* Genics */ = {
			isa = PBXNativeTarget;
			buildConfigurationList = 68AF3CD629001F1B00C49B94 /* Build configuration list for PBXNativeTarget "Genics" */;
			buildPhases = (
				68AF3CA929001F1900C49B94 /* Sources */,
				68AF3CAA29001F1900C49B94 /* Frameworks */,
				68AF3CAB29001F1900C49B94 /* Resources */,
			);
			buildRules = (
			);
			dependencies = (
			);
			name = Genics;
			packageProductDependencies = (
				68AF3D4A290021EF00C49B94 /* Alamofire */,
				68AF3D4D2900226900C49B94 /* Lottie */,
			);
			productName = Genics;
			productReference = 68AF3CAD29001F1900C49B94 /* Genics.app */;
			productType = "com.apple.product-type.application";
		};
		68AF3CC129001F1B00C49B94 /* GenicsTests */ = {
			isa = PBXNativeTarget;
			buildConfigurationList = 68AF3CD929001F1B00C49B94 /* Build configuration list for PBXNativeTarget "GenicsTests" */;
			buildPhases = (
				68AF3CBE29001F1B00C49B94 /* Sources */,
				68AF3CBF29001F1B00C49B94 /* Frameworks */,
				68AF3CC029001F1B00C49B94 /* Resources */,
			);
			buildRules = (
			);
			dependencies = (
				68AF3CC429001F1B00C49B94 /* PBXTargetDependency */,
			);
			name = GenicsTests;
			productName = GenicsTests;
			productReference = 68AF3CC229001F1B00C49B94 /* GenicsTests.xctest */;
			productType = "com.apple.product-type.bundle.unit-test";
		};
		68AF3CCB29001F1B00C49B94 /* GenicsUITests */ = {
			isa = PBXNativeTarget;
			buildConfigurationList = 68AF3CDC29001F1B00C49B94 /* Build configuration list for PBXNativeTarget "GenicsUITests" */;
			buildPhases = (
				68AF3CC829001F1B00C49B94 /* Sources */,
				68AF3CC929001F1B00C49B94 /* Frameworks */,
				68AF3CCA29001F1B00C49B94 /* Resources */,
			);
			buildRules = (
			);
			dependencies = (
				68AF3CCE29001F1B00C49B94 /* PBXTargetDependency */,
			);
			name = GenicsUITests;
			productName = GenicsUITests;
			productReference = 68AF3CCC29001F1B00C49B94 /* GenicsUITests.xctest */;
			productType = "com.apple.product-type.bundle.ui-testing";
		};
/* End PBXNativeTarget section */

/* Begin PBXProject section */
		68AF3CA529001F1900C49B94 /* Project object */ = {
			isa = PBXProject;
			attributes = {
				BuildIndependentTargetsInParallel = 1;
				LastSwiftUpdateCheck = 1400;
				LastUpgradeCheck = 1400;
				TargetAttributes = {
					68AF3CAC29001F1900C49B94 = {
						CreatedOnToolsVersion = 14.0.1;
					};
					68AF3CC129001F1B00C49B94 = {
						CreatedOnToolsVersion = 14.0.1;
						TestTargetID = 68AF3CAC29001F1900C49B94;
					};
					68AF3CCB29001F1B00C49B94 = {
						CreatedOnToolsVersion = 14.0.1;
						TestTargetID = 68AF3CAC29001F1900C49B94;
					};
				};
			};
			buildConfigurationList = 68AF3CA829001F1900C49B94 /* Build configuration list for PBXProject "Genics" */;
			compatibilityVersion = "Xcode 14.0";
			developmentRegion = en;
			hasScannedForEncodings = 0;
			knownRegions = (
				en,
				Base,
				ar,
			);
			mainGroup = 68AF3CA429001F1900C49B94;
			packageReferences = (
				68AF3D49290021EE00C49B94 /* XCRemoteSwiftPackageReference "Alamofire" */,
				68AF3D4C2900226900C49B94 /* XCRemoteSwiftPackageReference "lottie-ios" */,
			);
			productRefGroup = 68AF3CAE29001F1900C49B94 /* Products */;
			projectDirPath = "";
			projectRoot = "";
			targets = (
				68AF3CAC29001F1900C49B94 /* Genics */,
				68AF3CC129001F1B00C49B94 /* GenicsTests */,
				68AF3CCB29001F1B00C49B94 /* GenicsUITests */,
			);
		};
/* End PBXProject section */

/* Begin PBXResourcesBuildPhase section */
		68AF3CAB29001F1900C49B94 /* Resources */ = {
			isa = PBXResourcesBuildPhase;
			buildActionMask = 2147483647;
			files = (
				68AF3CB829001F1B00C49B94 /* Preview Assets.xcassets in Resources */,
				68AF3CB529001F1B00C49B94 /* Assets.xcassets in Resources */,
				68AF3D20290020C700C49B94 /* loadingspinner.json in Resources */,
			);
			runOnlyForDeploymentPostprocessing = 0;
		};
		68AF3CC029001F1B00C49B94 /* Resources */ = {
			isa = PBXResourcesBuildPhase;
			buildActionMask = 2147483647;
			files = (
			);
			runOnlyForDeploymentPostprocessing = 0;
		};
		68AF3CCA29001F1B00C49B94 /* Resources */ = {
			isa = PBXResourcesBuildPhase;
			buildActionMask = 2147483647;
			files = (
			);
			runOnlyForDeploymentPostprocessing = 0;
		};
/* End PBXResourcesBuildPhase section */

/* Begin PBXSourcesBuildPhase section */
		68AF3CA929001F1900C49B94 /* Sources */ = {
			isa = PBXSourcesBuildPhase;
			buildActionMask = 2147483647;
			files = (
				68AF3D5C29003BB700C49B94 /* AppConstants.swift in Sources */,
				68DF6F1A29016F4600E02664 /* UsersViewContentView.swift in Sources */,
				68AF3D662900401700C49B94 /* ExploreView.swift in Sources */,
				68AF3D692900402B00C49B94 /* BookmarksView.swift in Sources */,
				68DF6F1E2901760900E02664 /* UsersViewDisplay.swift in Sources */,
				68AF3CE029001F3400C49B94 /* SplashView.swift in Sources */,
				68AF3D7C29004A7F00C49B94 /* IssuesView.swift in Sources */,
				68DF6F272901820500E02664 /* AsyncImageModule.swift in Sources */,
				68AF3D6129003EB500C49B94 /* TabBarView.swift in Sources */,
				68AF3D8329004E1600C49B94 /* SettingsView.swift in Sources */,
				68DF6F1C29016F4F00E02664 /* Users.swift in Sources */,
				68AF3CBD29001F1B00C49B94 /* Genics.xcdatamodeld in Sources */,
				68AF3CBA29001F1B00C49B94 /* Persistence.swift in Sources */,
				68AF3D39290020C700C49B94 /* RequestInterceptor.swift in Sources */,
				68AF3D41290020C700C49B94 /* GitSecureStoreQueryable.swift in Sources */,
				68AF3D7E29004A8900C49B94 /* OrgsView.swift in Sources */,
				68AF3D3A290020C700C49B94 /* EventMonitor.swift in Sources */,
				68AF3D8F29006A9600C49B94 /* IssesViewModel.swift in Sources */,
				68AF3D3D290020C700C49B94 /* NetwrokReachability.swift in Sources */,
				68DF6F21290176EA00E02664 /* UsersDataSource.swift in Sources */,
				68AF3D6B2900403600C49B94 /* ProfileView.swift in Sources */,
				68DF6F1629016F3500E02664 /* UsersInteractor.swift in Sources */,
				68DF6F2429017CEB00E02664 /* UsersUseCase.swift in Sources */,
				68AF3D50290025C000C49B94 /* LoginView.swift in Sources */,
				68AF3D46290020C700C49B94 /* TokenManager.swift in Sources */,
				68AF3CE229001FE400C49B94 /* SwiftUICustomViews.swift in Sources */,
				68AF3D9E2900789900C49B94 /* ReposDetails.swift in Sources */,
				68DF6F1829016F3F00E02664 /* UserPresenter.swift in Sources */,
				68AF3D8129004DDF00C49B94 /* CommitsView.swift in Sources */,
				68AF3D98290076FE00C49B94 /* ReposCell.swift in Sources */,
				68AF3D9129006AA400C49B94 /* OrgsModel.swift in Sources */,
				68AF3D8929006A7600C49B94 /* ReposModel.swift in Sources */,
				68AF3DA0290078CC00C49B94 /* OrgsCell.swift in Sources */,
				68AF3D43290020C700C49B94 /* GitSecureStore.swift in Sources */,
				68AF3D9329006AAA00C49B94 /* OrgsViewModel.swift in Sources */,
				68AF3DA32900795F00C49B94 /* StarredView.swift in Sources */,
				68AF3D9629006BA200C49B94 /* UsersDetailsView.swift in Sources */,
				68AF3D9A290077B500C49B94 /* UsersCell.swift in Sources */,
				68AF3D44290020C700C49B94 /* Constants.swift in Sources */,
				68AF3D3B290020C700C49B94 /* NetworkingManger.swift in Sources */,
				68AF3D8D29006A8900C49B94 /* IssuesModel.swift in Sources */,
				68AF3D8B29006A7D00C49B94 /* ReposViewModel.swift in Sources */,
				68AF3D7A29004A7000C49B94 /* ReposView.swift in Sources */,
				68AF3D42290020C700C49B94 /* GitSecureStoreError.swift in Sources */,
				68AF3D3C290020C700C49B94 /* RequestRouter .swift in Sources */,
				68AF3DA92900C4B100C49B94 /* HomeDataSource.swift in Sources */,
				68AF3D7829004A6700C49B94 /* UsersView.swift in Sources */,
				68AF3D3E290020C700C49B94 /* NetworkMonitor.swift in Sources */,
				68AF3D8529006A5E00C49B94 /* UsersModel.swift in Sources */,
				68AF3D45290020C700C49B94 /* AccessToken.swift in Sources */,
				68AF3D5A2900396B00C49B94 /* LoginViewModel.swift in Sources */,
				68AF3D742900445D00C49B94 /* HomeDataModel.swift in Sources */,
				68AF3CB329001F1900C49B94 /* NoteView.swift in Sources */,
				68AF3D522900260400C49B94 /* HomeView.swift in Sources */,
				68AF3CB129001F1900C49B94 /* GenicsApp.swift in Sources */,
			);
			runOnlyForDeploymentPostprocessing = 0;
		};
		68AF3CBE29001F1B00C49B94 /* Sources */ = {
			isa = PBXSourcesBuildPhase;
			buildActionMask = 2147483647;
			files = (
				68AF3CC729001F1B00C49B94 /* GenicsTests.swift in Sources */,
			);
			runOnlyForDeploymentPostprocessing = 0;
		};
		68AF3CC829001F1B00C49B94 /* Sources */ = {
			isa = PBXSourcesBuildPhase;
			buildActionMask = 2147483647;
			files = (
				68AF3CD129001F1B00C49B94 /* GenicsUITests.swift in Sources */,
				68AF3CD329001F1B00C49B94 /* GenicsUITestsLaunchTests.swift in Sources */,
			);
			runOnlyForDeploymentPostprocessing = 0;
		};
/* End PBXSourcesBuildPhase section */

/* Begin PBXTargetDependency section */
		68AF3CC429001F1B00C49B94 /* PBXTargetDependency */ = {
			isa = PBXTargetDependency;
			target = 68AF3CAC29001F1900C49B94 /* Genics */;
			targetProxy = 68AF3CC329001F1B00C49B94 /* PBXContainerItemProxy */;
		};
		68AF3CCE29001F1B00C49B94 /* PBXTargetDependency */ = {
			isa = PBXTargetDependency;
			target = 68AF3CAC29001F1900C49B94 /* Genics */;
			targetProxy = 68AF3CCD29001F1B00C49B94 /* PBXContainerItemProxy */;
		};
/* End PBXTargetDependency section */

/* Begin XCBuildConfiguration section */
		68AF3CD429001F1B00C49B94 /* Debug */ = {
			isa = XCBuildConfiguration;
			buildSettings = {
				ALWAYS_SEARCH_USER_PATHS = NO;
				CLANG_ANALYZER_NONNULL = YES;
				CLANG_ANALYZER_NUMBER_OBJECT_CONVERSION = YES_AGGRESSIVE;
				CLANG_CXX_LANGUAGE_STANDARD = "gnu++20";
				CLANG_ENABLE_MODULES = YES;
				CLANG_ENABLE_OBJC_ARC = YES;
				CLANG_ENABLE_OBJC_WEAK = YES;
				CLANG_WARN_BLOCK_CAPTURE_AUTORELEASING = YES;
				CLANG_WARN_BOOL_CONVERSION = YES;
				CLANG_WARN_COMMA = YES;
				CLANG_WARN_CONSTANT_CONVERSION = YES;
				CLANG_WARN_DEPRECATED_OBJC_IMPLEMENTATIONS = YES;
				CLANG_WARN_DIRECT_OBJC_ISA_USAGE = YES_ERROR;
				CLANG_WARN_DOCUMENTATION_COMMENTS = YES;
				CLANG_WARN_EMPTY_BODY = YES;
				CLANG_WARN_ENUM_CONVERSION = YES;
				CLANG_WARN_INFINITE_RECURSION = YES;
				CLANG_WARN_INT_CONVERSION = YES;
				CLANG_WARN_NON_LITERAL_NULL_CONVERSION = YES;
				CLANG_WARN_OBJC_IMPLICIT_RETAIN_SELF = YES;
				CLANG_WARN_OBJC_LITERAL_CONVERSION = YES;
				CLANG_WARN_OBJC_ROOT_CLASS = YES_ERROR;
				CLANG_WARN_QUOTED_INCLUDE_IN_FRAMEWORK_HEADER = YES;
				CLANG_WARN_RANGE_LOOP_ANALYSIS = YES;
				CLANG_WARN_STRICT_PROTOTYPES = YES;
				CLANG_WARN_SUSPICIOUS_MOVE = YES;
				CLANG_WARN_UNGUARDED_AVAILABILITY = YES_AGGRESSIVE;
				CLANG_WARN_UNREACHABLE_CODE = YES;
				CLANG_WARN__DUPLICATE_METHOD_MATCH = YES;
				COPY_PHASE_STRIP = NO;
				DEBUG_INFORMATION_FORMAT = dwarf;
				ENABLE_STRICT_OBJC_MSGSEND = YES;
				ENABLE_TESTABILITY = YES;
				GCC_C_LANGUAGE_STANDARD = gnu11;
				GCC_DYNAMIC_NO_PIC = NO;
				GCC_NO_COMMON_BLOCKS = YES;
				GCC_OPTIMIZATION_LEVEL = 0;
				GCC_PREPROCESSOR_DEFINITIONS = (
					"DEBUG=1",
					"$(inherited)",
				);
				GCC_WARN_64_TO_32_BIT_CONVERSION = YES;
				GCC_WARN_ABOUT_RETURN_TYPE = YES_ERROR;
				GCC_WARN_UNDECLARED_SELECTOR = YES;
				GCC_WARN_UNINITIALIZED_AUTOS = YES_AGGRESSIVE;
				GCC_WARN_UNUSED_FUNCTION = YES;
				GCC_WARN_UNUSED_VARIABLE = YES;
				IPHONEOS_DEPLOYMENT_TARGET = 16.0;
				MTL_ENABLE_DEBUG_INFO = INCLUDE_SOURCE;
				MTL_FAST_MATH = YES;
				ONLY_ACTIVE_ARCH = YES;
				SDKROOT = iphoneos;
				SWIFT_ACTIVE_COMPILATION_CONDITIONS = DEBUG;
				SWIFT_OPTIMIZATION_LEVEL = "-Onone";
			};
			name = Debug;
		};
		68AF3CD529001F1B00C49B94 /* Release */ = {
			isa = XCBuildConfiguration;
			buildSettings = {
				ALWAYS_SEARCH_USER_PATHS = NO;
				CLANG_ANALYZER_NONNULL = YES;
				CLANG_ANALYZER_NUMBER_OBJECT_CONVERSION = YES_AGGRESSIVE;
				CLANG_CXX_LANGUAGE_STANDARD = "gnu++20";
				CLANG_ENABLE_MODULES = YES;
				CLANG_ENABLE_OBJC_ARC = YES;
				CLANG_ENABLE_OBJC_WEAK = YES;
				CLANG_WARN_BLOCK_CAPTURE_AUTORELEASING = YES;
				CLANG_WARN_BOOL_CONVERSION = YES;
				CLANG_WARN_COMMA = YES;
				CLANG_WARN_CONSTANT_CONVERSION = YES;
				CLANG_WARN_DEPRECATED_OBJC_IMPLEMENTATIONS = YES;
				CLANG_WARN_DIRECT_OBJC_ISA_USAGE = YES_ERROR;
				CLANG_WARN_DOCUMENTATION_COMMENTS = YES;
				CLANG_WARN_EMPTY_BODY = YES;
				CLANG_WARN_ENUM_CONVERSION = YES;
				CLANG_WARN_INFINITE_RECURSION = YES;
				CLANG_WARN_INT_CONVERSION = YES;
				CLANG_WARN_NON_LITERAL_NULL_CONVERSION = YES;
				CLANG_WARN_OBJC_IMPLICIT_RETAIN_SELF = YES;
				CLANG_WARN_OBJC_LITERAL_CONVERSION = YES;
				CLANG_WARN_OBJC_ROOT_CLASS = YES_ERROR;
				CLANG_WARN_QUOTED_INCLUDE_IN_FRAMEWORK_HEADER = YES;
				CLANG_WARN_RANGE_LOOP_ANALYSIS = YES;
				CLANG_WARN_STRICT_PROTOTYPES = YES;
				CLANG_WARN_SUSPICIOUS_MOVE = YES;
				CLANG_WARN_UNGUARDED_AVAILABILITY = YES_AGGRESSIVE;
				CLANG_WARN_UNREACHABLE_CODE = YES;
				CLANG_WARN__DUPLICATE_METHOD_MATCH = YES;
				COPY_PHASE_STRIP = NO;
				DEBUG_INFORMATION_FORMAT = "dwarf-with-dsym";
				ENABLE_NS_ASSERTIONS = NO;
				ENABLE_STRICT_OBJC_MSGSEND = YES;
				GCC_C_LANGUAGE_STANDARD = gnu11;
				GCC_NO_COMMON_BLOCKS = YES;
				GCC_WARN_64_TO_32_BIT_CONVERSION = YES;
				GCC_WARN_ABOUT_RETURN_TYPE = YES_ERROR;
				GCC_WARN_UNDECLARED_SELECTOR = YES;
				GCC_WARN_UNINITIALIZED_AUTOS = YES_AGGRESSIVE;
				GCC_WARN_UNUSED_FUNCTION = YES;
				GCC_WARN_UNUSED_VARIABLE = YES;
				IPHONEOS_DEPLOYMENT_TARGET = 16.0;
				MTL_ENABLE_DEBUG_INFO = NO;
				MTL_FAST_MATH = YES;
				SDKROOT = iphoneos;
				SWIFT_COMPILATION_MODE = wholemodule;
				SWIFT_OPTIMIZATION_LEVEL = "-O";
				VALIDATE_PRODUCT = YES;
			};
			name = Release;
		};
		68AF3CD729001F1B00C49B94 /* Debug */ = {
			isa = XCBuildConfiguration;
			buildSettings = {
				ASSETCATALOG_COMPILER_APPICON_NAME = AppIcon;
				ASSETCATALOG_COMPILER_GLOBAL_ACCENT_COLOR_NAME = AccentColor;
				CODE_SIGN_STYLE = Automatic;
				CURRENT_PROJECT_VERSION = 1;
				DEVELOPMENT_ASSET_PATHS = "\"Genics/Preview Content\"";
				DEVELOPMENT_TEAM = H368HQSP2D;
				ENABLE_PREVIEWS = YES;
				GENERATE_INFOPLIST_FILE = YES;
				INFOPLIST_FILE = Genics/Info.plist;
				INFOPLIST_KEY_UIApplicationSceneManifest_Generation = YES;
				INFOPLIST_KEY_UIApplicationSupportsIndirectInputEvents = YES;
				INFOPLIST_KEY_UILaunchScreen_Generation = YES;
				INFOPLIST_KEY_UISupportedInterfaceOrientations_iPad = "UIInterfaceOrientationPortrait UIInterfaceOrientationPortraitUpsideDown UIInterfaceOrientationLandscapeLeft UIInterfaceOrientationLandscapeRight";
				INFOPLIST_KEY_UISupportedInterfaceOrientations_iPhone = "UIInterfaceOrientationPortrait UIInterfaceOrientationLandscapeLeft UIInterfaceOrientationLandscapeRight";
				IPHONEOS_DEPLOYMENT_TARGET = 15.0;
				LD_RUNPATH_SEARCH_PATHS = (
					"$(inherited)",
					"@executable_path/Frameworks",
				);
				MARKETING_VERSION = 1.0;
				PRODUCT_BUNDLE_IDENTIFIER = com.Genics;
				PRODUCT_NAME = "$(TARGET_NAME)";
				SWIFT_EMIT_LOC_STRINGS = YES;
				SWIFT_VERSION = 5.0;
				TARGETED_DEVICE_FAMILY = "1,2";
			};
			name = Debug;
		};
		68AF3CD829001F1B00C49B94 /* Release */ = {
			isa = XCBuildConfiguration;
			buildSettings = {
				ASSETCATALOG_COMPILER_APPICON_NAME = AppIcon;
				ASSETCATALOG_COMPILER_GLOBAL_ACCENT_COLOR_NAME = AccentColor;
				CODE_SIGN_STYLE = Automatic;
				CURRENT_PROJECT_VERSION = 1;
				DEVELOPMENT_ASSET_PATHS = "\"Genics/Preview Content\"";
				DEVELOPMENT_TEAM = H368HQSP2D;
				ENABLE_PREVIEWS = YES;
				GENERATE_INFOPLIST_FILE = YES;
				INFOPLIST_FILE = Genics/Info.plist;
				INFOPLIST_KEY_UIApplicationSceneManifest_Generation = YES;
				INFOPLIST_KEY_UIApplicationSupportsIndirectInputEvents = YES;
				INFOPLIST_KEY_UILaunchScreen_Generation = YES;
				INFOPLIST_KEY_UISupportedInterfaceOrientations_iPad = "UIInterfaceOrientationPortrait UIInterfaceOrientationPortraitUpsideDown UIInterfaceOrientationLandscapeLeft UIInterfaceOrientationLandscapeRight";
				INFOPLIST_KEY_UISupportedInterfaceOrientations_iPhone = "UIInterfaceOrientationPortrait UIInterfaceOrientationLandscapeLeft UIInterfaceOrientationLandscapeRight";
				IPHONEOS_DEPLOYMENT_TARGET = 15.0;
				LD_RUNPATH_SEARCH_PATHS = (
					"$(inherited)",
					"@executable_path/Frameworks",
				);
				MARKETING_VERSION = 1.0;
				PRODUCT_BUNDLE_IDENTIFIER = com.Genics;
				PRODUCT_NAME = "$(TARGET_NAME)";
				SWIFT_EMIT_LOC_STRINGS = YES;
				SWIFT_VERSION = 5.0;
				TARGETED_DEVICE_FAMILY = "1,2";
			};
			name = Release;
		};
		68AF3CDA29001F1B00C49B94 /* Debug */ = {
			isa = XCBuildConfiguration;
			buildSettings = {
				ALWAYS_EMBED_SWIFT_STANDARD_LIBRARIES = YES;
				BUNDLE_LOADER = "$(TEST_HOST)";
				CODE_SIGN_STYLE = Automatic;
				CURRENT_PROJECT_VERSION = 1;
				DEVELOPMENT_TEAM = H368HQSP2D;
				GENERATE_INFOPLIST_FILE = YES;
				IPHONEOS_DEPLOYMENT_TARGET = 16.0;
				MARKETING_VERSION = 1.0;
				PRODUCT_BUNDLE_IDENTIFIER = com.GenicsTests;
				PRODUCT_NAME = "$(TARGET_NAME)";
				SWIFT_EMIT_LOC_STRINGS = NO;
				SWIFT_VERSION = 5.0;
				TARGETED_DEVICE_FAMILY = "1,2";
				TEST_HOST = "$(BUILT_PRODUCTS_DIR)/Genics.app/$(BUNDLE_EXECUTABLE_FOLDER_PATH)/Genics";
			};
			name = Debug;
		};
		68AF3CDB29001F1B00C49B94 /* Release */ = {
			isa = XCBuildConfiguration;
			buildSettings = {
				ALWAYS_EMBED_SWIFT_STANDARD_LIBRARIES = YES;
				BUNDLE_LOADER = "$(TEST_HOST)";
				CODE_SIGN_STYLE = Automatic;
				CURRENT_PROJECT_VERSION = 1;
				DEVELOPMENT_TEAM = H368HQSP2D;
				GENERATE_INFOPLIST_FILE = YES;
				IPHONEOS_DEPLOYMENT_TARGET = 16.0;
				MARKETING_VERSION = 1.0;
				PRODUCT_BUNDLE_IDENTIFIER = com.GenicsTests;
				PRODUCT_NAME = "$(TARGET_NAME)";
				SWIFT_EMIT_LOC_STRINGS = NO;
				SWIFT_VERSION = 5.0;
				TARGETED_DEVICE_FAMILY = "1,2";
				TEST_HOST = "$(BUILT_PRODUCTS_DIR)/Genics.app/$(BUNDLE_EXECUTABLE_FOLDER_PATH)/Genics";
			};
			name = Release;
		};
		68AF3CDD29001F1B00C49B94 /* Debug */ = {
			isa = XCBuildConfiguration;
			buildSettings = {
				ALWAYS_EMBED_SWIFT_STANDARD_LIBRARIES = YES;
				CODE_SIGN_STYLE = Automatic;
				CURRENT_PROJECT_VERSION = 1;
				DEVELOPMENT_TEAM = H368HQSP2D;
				GENERATE_INFOPLIST_FILE = YES;
				MARKETING_VERSION = 1.0;
				PRODUCT_BUNDLE_IDENTIFIER = com.GenicsUITests;
				PRODUCT_NAME = "$(TARGET_NAME)";
				SWIFT_EMIT_LOC_STRINGS = NO;
				SWIFT_VERSION = 5.0;
				TARGETED_DEVICE_FAMILY = "1,2";
				TEST_TARGET_NAME = Genics;
			};
			name = Debug;
		};
		68AF3CDE29001F1B00C49B94 /* Release */ = {
			isa = XCBuildConfiguration;
			buildSettings = {
				ALWAYS_EMBED_SWIFT_STANDARD_LIBRARIES = YES;
				CODE_SIGN_STYLE = Automatic;
				CURRENT_PROJECT_VERSION = 1;
				DEVELOPMENT_TEAM = H368HQSP2D;
				GENERATE_INFOPLIST_FILE = YES;
				MARKETING_VERSION = 1.0;
				PRODUCT_BUNDLE_IDENTIFIER = com.GenicsUITests;
				PRODUCT_NAME = "$(TARGET_NAME)";
				SWIFT_EMIT_LOC_STRINGS = NO;
				SWIFT_VERSION = 5.0;
				TARGETED_DEVICE_FAMILY = "1,2";
				TEST_TARGET_NAME = Genics;
			};
			name = Release;
		};
/* End XCBuildConfiguration section */

/* Begin XCConfigurationList section */
		68AF3CA829001F1900C49B94 /* Build configuration list for PBXProject "Genics" */ = {
			isa = XCConfigurationList;
			buildConfigurations = (
				68AF3CD429001F1B00C49B94 /* Debug */,
				68AF3CD529001F1B00C49B94 /* Release */,
			);
			defaultConfigurationIsVisible = 0;
			defaultConfigurationName = Release;
		};
		68AF3CD629001F1B00C49B94 /* Build configuration list for PBXNativeTarget "Genics" */ = {
			isa = XCConfigurationList;
			buildConfigurations = (
				68AF3CD729001F1B00C49B94 /* Debug */,
				68AF3CD829001F1B00C49B94 /* Release */,
			);
			defaultConfigurationIsVisible = 0;
			defaultConfigurationName = Release;
		};
		68AF3CD929001F1B00C49B94 /* Build configuration list for PBXNativeTarget "GenicsTests" */ = {
			isa = XCConfigurationList;
			buildConfigurations = (
				68AF3CDA29001F1B00C49B94 /* Debug */,
				68AF3CDB29001F1B00C49B94 /* Release */,
			);
			defaultConfigurationIsVisible = 0;
			defaultConfigurationName = Release;
		};
		68AF3CDC29001F1B00C49B94 /* Build configuration list for PBXNativeTarget "GenicsUITests" */ = {
			isa = XCConfigurationList;
			buildConfigurations = (
				68AF3CDD29001F1B00C49B94 /* Debug */,
				68AF3CDE29001F1B00C49B94 /* Release */,
			);
			defaultConfigurationIsVisible = 0;
			defaultConfigurationName = Release;
		};
/* End XCConfigurationList section */

/* Begin XCRemoteSwiftPackageReference section */
		68AF3D49290021EE00C49B94 /* XCRemoteSwiftPackageReference "Alamofire" */ = {
			isa = XCRemoteSwiftPackageReference;
			repositoryURL = "https://github.com/Alamofire/Alamofire";
			requirement = {
				kind = upToNextMajorVersion;
				minimumVersion = 5.0.0;
			};
		};
		68AF3D4C2900226900C49B94 /* XCRemoteSwiftPackageReference "lottie-ios" */ = {
			isa = XCRemoteSwiftPackageReference;
			repositoryURL = "https://github.com/airbnb/lottie-ios";
			requirement = {
				branch = master;
				kind = branch;
			};
		};
/* End XCRemoteSwiftPackageReference section */

/* Begin XCSwiftPackageProductDependency section */
		68AF3D4A290021EF00C49B94 /* Alamofire */ = {
			isa = XCSwiftPackageProductDependency;
			package = 68AF3D49290021EE00C49B94 /* XCRemoteSwiftPackageReference "Alamofire" */;
			productName = Alamofire;
		};
		68AF3D4D2900226900C49B94 /* Lottie */ = {
			isa = XCSwiftPackageProductDependency;
			package = 68AF3D4C2900226900C49B94 /* XCRemoteSwiftPackageReference "lottie-ios" */;
			productName = Lottie;
		};
/* End XCSwiftPackageProductDependency section */

/* Begin XCVersionGroup section */
		68AF3CBB29001F1B00C49B94 /* Genics.xcdatamodeld */ = {
			isa = XCVersionGroup;
			children = (
				68AF3CBC29001F1B00C49B94 /* Genics.xcdatamodel */,
			);
			currentVersion = 68AF3CBC29001F1B00C49B94 /* Genics.xcdatamodel */;
			path = Genics.xcdatamodeld;
			sourceTree = "<group>";
			versionGroupType = wrapper.xcdatamodel;
		};
/* End XCVersionGroup section */
	};
	rootObject = 68AF3CA529001F1900C49B94 /* Project object */;
}
